# This file was autogenerated by Stack.
# You should not edit this file by hand.
# For more information, please see the documentation at:
#   https://docs.haskellstack.org/en/stable/lock_files

packages:
- completed:
    hackage: sdl2-2.4.1.0@sha256:65a2d222044676686859fda43f119cb0f02ab5d04718ee3a7331628dade69931,11265
    pantry-tree:
      size: 6507
      sha256: fd7f5beddb0dd07aee0323d82c60fbcff02022bca4b31a10890421ff07a26970
  original:
    hackage: sdl2-2.4.1.0@sha256:65a2d222044676686859fda43f119cb0f02ab5d04718ee3a7331628dade69931,11265
- completed:
    hackage: StateVar-1.1.1.1@sha256:cd3b516a49faf0627ea31885e012611e63600824976dcb276bcb2e92cdb0790f,1417
    pantry-tree:
      size: 314
      sha256: d2b673886d4d8866aecb9b7f32ec6719fa9a8f8d2ccccea059edc3c45db4e1f0
  original:
    hackage: StateVar-1.1.1.1@sha256:cd3b516a49faf0627ea31885e012611e63600824976dcb276bcb2e92cdb0790f,1417
snapshots:
- completed:
    size: 545658
    url: https://raw.githubusercontent.com/commercialhaskell/stackage-snapshots/master/lts/14/12.yaml
    sha256: 26b807457213126d26b595439d705dc824dbb7618b0de6b900adc2bf6a059406
  original: lts-14.12
